
Microsoft Visual Studio Solution File, Format Version 12.00
# Visual Studio Version 17
VisualStudioVersion = 17.10.35013.160
MinimumVisualStudioVersion = 10.0.40219.1
Project("{FAE04EC0-301F-11D3-BF4B-00C04F79EFBC}") = "MESAJTEST", "MESAJTEST\MESAJTEST.csproj", "{4782C57A-1281-4E06-9004-FC60077C2B41}"
EndProject
Global
	GlobalSection(SolutionConfigurationPlatforms) = preSolution
		Debug|Any CPU = Debug|Any CPU
		Release|Any CPU = Release|Any CPU
	EndGlobalSection
	GlobalSection(ProjectConfigurationPlatforms) = postSolution
		{4782C57A-1281-4E06-9004-FC60077C2B41}.Debug|Any CPU.ActiveCfg = Debug|Any CPU
		{4782C57A-1281-4E06-9004-FC60077C2B41}.Debug|Any CPU.Build.0 = Debug|Any CPU
		{4782C57A-1281-4E06-9004-FC60077C2B41}.Release|Any CPU.ActiveCfg = Release|Any CPU
		{4782C57A-1281-4E06-9004-FC60077C2B41}.Release|Any CPU.Build.0 = Release|Any CPU
	EndGlobalSection
	GlobalSection(SolutionProperties) = preSolution
		HideSolutionNode = FALSE
	EndGlobalSection
	GlobalSection(ExtensibilityGlobals) = postSolution
		SolutionGuid = {EF38ADAC-063C-4AEF-9EB7-0D0C00CEE0A1}
	EndGlobalSection
EndGlobal
